// !$*UTF8*$!
{
	archiveVersion = 1;
	classes = {
	};
	objectVersion = 77;
	objects = {

/* Begin PBXContainerItemProxy section */
		106751242CE1B0CB006CCDF9 /* PBXContainerItemProxy */ = {
			isa = PBXContainerItemProxy;
			containerPortal = 1067510B2CE1B0C9006CCDF9 /* Project object */;
			proxyType = 1;
			remoteGlobalIDString = 106751122CE1B0C9006CCDF9;
			remoteInfo = InventoryAppTable;
		};
		1067512E2CE1B0CB006CCDF9 /* PBXContainerItemProxy */ = {
			isa = PBXContainerItemProxy;
			containerPortal = 1067510B2CE1B0C9006CCDF9 /* Project object */;
			proxyType = 1;
			remoteGlobalIDString = 106751122CE1B0C9006CCDF9;
			remoteInfo = InventoryAppTable;
		};
/* End PBXContainerItemProxy section */

/* Begin PBXFileReference section */
		106751132CE1B0C9006CCDF9 /* InventoryAppTable.app */ = {isa = PBXFileReference; explicitFileType = wrapper.application; includeInIndex = 0; path = InventoryAppTable.app; sourceTree = BUILT_PRODUCTS_DIR; };
		106751232CE1B0CB006CCDF9 /* InventoryAppTableTests.xctest */ = {isa = PBXFileReference; explicitFileType = wrapper.cfbundle; includeInIndex = 0; path = InventoryAppTableTests.xctest; sourceTree = BUILT_PRODUCTS_DIR; };
		1067512D2CE1B0CB006CCDF9 /* InventoryAppTableUITests.xctest */ = {isa = PBXFileReference; explicitFileType = wrapper.cfbundle; includeInIndex = 0; path = InventoryAppTableUITests.xctest; sourceTree = BUILT_PRODUCTS_DIR; };
/* End PBXFileReference section */

/* Begin PBXFileSystemSynchronizedRootGroup section */
		106751152CE1B0C9006CCDF9 /* InventoryAppTable */ = {
			isa = PBXFileSystemSynchronizedRootGroup;
			path = InventoryAppTable;
			sourceTree = "<group>";
		};
		106751262CE1B0CB006CCDF9 /* InventoryAppTableTests */ = {
			isa = PBXFileSystemSynchronizedRootGroup;
			path = InventoryAppTableTests;
			sourceTree = "<group>";
		};
		106751302CE1B0CB006CCDF9 /* InventoryAppTableUITests */ = {
			isa = PBXFileSystemSynchronizedRootGroup;
			path = InventoryAppTableUITests;
			sourceTree = "<group>";
		};
/* End PBXFileSystemSynchronizedRootGroup section */

/* Begin PBXFrameworksBuildPhase section */
		106751102CE1B0C9006CCDF9 /* Frameworks */ = {
			isa = PBXFrameworksBuildPhase;
			buildActionMask = 2147483647;
			files = (
			);
			runOnlyForDeploymentPostprocessing = 0;
		};
		106751202CE1B0CB006CCDF9 /* Frameworks */ = {
			isa = PBXFrameworksBuildPhase;
			buildActionMask = 2147483647;
			files = (
			);
			runOnlyForDeploymentPostprocessing = 0;
		};
		1067512A2CE1B0CB006CCDF9 /* Frameworks */ = {
			isa = PBXFrameworksBuildPhase;
			buildActionMask = 2147483647;
			files = (
			);
			runOnlyForDeploymentPostprocessing = 0;
		};
/* End PBXFrameworksBuildPhase section */

/* Begin PBXGroup section */
		1067510A2CE1B0C9006CCDF9 = {
			isa = PBXGroup;
			children = (
				106751152CE1B0C9006CCDF9 /* InventoryAppTable */,
				106751262CE1B0CB006CCDF9 /* InventoryAppTableTests */,
				106751302CE1B0CB006CCDF9 /* InventoryAppTableUITests */,
				106751142CE1B0C9006CCDF9 /* Products */,
			);
			sourceTree = "<group>";
		};
		106751142CE1B0C9006CCDF9 /* Products */ = {
			isa = PBXGroup;
			children = (
				106751132CE1B0C9006CCDF9 /* InventoryAppTable.app */,
				106751232CE1B0CB006CCDF9 /* InventoryAppTableTests.xctest */,
				1067512D2CE1B0CB006CCDF9 /* InventoryAppTableUITests.xctest */,
			);
			name = Products;
			sourceTree = "<group>";
		};
/* End PBXGroup section */

/* Begin PBXNativeTarget section */
		106751122CE1B0C9006CCDF9 /* InventoryAppTable */ = {
			isa = PBXNativeTarget;
			buildConfigurationList = 106751372CE1B0CB006CCDF9 /* Build configuration list for PBXNativeTarget "InventoryAppTable" */;
			buildPhases = (
				1067510F2CE1B0C9006CCDF9 /* Sources */,
				106751102CE1B0C9006CCDF9 /* Frameworks */,
				106751112CE1B0C9006CCDF9 /* Resources */,
			);
			buildRules = (
			);
			dependencies = (
			);
			fileSystemSynchronizedGroups = (
				106751152CE1B0C9006CCDF9 /* InventoryAppTable */,
			);
			name = InventoryAppTable;
			packageProductDependencies = (
			);
			productName = InventoryAppTable;
			productReference = 106751132CE1B0C9006CCDF9 /* InventoryAppTable.app */;
			productType = "com.apple.product-type.application";
		};
		106751222CE1B0CB006CCDF9 /* InventoryAppTableTests */ = {
			isa = PBXNativeTarget;
			buildConfigurationList = 1067513A2CE1B0CB006CCDF9 /* Build configuration list for PBXNativeTarget "InventoryAppTableTests" */;
			buildPhases = (
				1067511F2CE1B0CB006CCDF9 /* Sources */,
				106751202CE1B0CB006CCDF9 /* Frameworks */,
				106751212CE1B0CB006CCDF9 /* Resources */,
			);
			buildRules = (
			);
			dependencies = (
				106751252CE1B0CB006CCDF9 /* PBXTargetDependency */,
			);
			fileSystemSynchronizedGroups = (
				106751262CE1B0CB006CCDF9 /* InventoryAppTableTests */,
			);
			name = InventoryAppTableTests;
			packageProductDependencies = (
			);
			productName = InventoryAppTableTests;
			productReference = 106751232CE1B0CB006CCDF9 /* InventoryAppTableTests.xctest */;
			productType = "com.apple.product-type.bundle.unit-test";
		};
		1067512C2CE1B0CB006CCDF9 /* InventoryAppTableUITests */ = {
			isa = PBXNativeTarget;
			buildConfigurationList = 1067513D2CE1B0CB006CCDF9 /* Build configuration list for PBXNativeTarget "InventoryAppTableUITests" */;
			buildPhases = (
				106751292CE1B0CB006CCDF9 /* Sources */,
				1067512A2CE1B0CB006CCDF9 /* Frameworks */,
				1067512B2CE1B0CB006CCDF9 /* Resources */,
			);
			buildRules = (
			);
			dependencies = (
				1067512F2CE1B0CB006CCDF9 /* PBXTargetDependency */,
			);
			fileSystemSynchronizedGroups = (
				106751302CE1B0CB006CCDF9 /* InventoryAppTableUITests */,
			);
			name = InventoryAppTableUITests;
			packageProductDependencies = (
			);
			productName = InventoryAppTableUITests;
			productReference = 1067512D2CE1B0CB006CCDF9 /* InventoryAppTableUITests.xctest */;
			productType = "com.apple.product-type.bundle.ui-testing";
		};
/* End PBXNativeTarget section */

/* Begin PBXProject section */
		1067510B2CE1B0C9006CCDF9 /* Project object */ = {
			isa = PBXProject;
			attributes = {
				BuildIndependentTargetsInParallel = 1;
				LastSwiftUpdateCheck = 1610;
				LastUpgradeCheck = 1610;
				TargetAttributes = {
					106751122CE1B0C9006CCDF9 = {
						CreatedOnToolsVersion = 16.1;
					};
					106751222CE1B0CB006CCDF9 = {
						CreatedOnToolsVersion = 16.1;
						TestTargetID = 106751122CE1B0C9006CCDF9;
					};
					1067512C2CE1B0CB006CCDF9 = {
						CreatedOnToolsVersion = 16.1;
						TestTargetID = 106751122CE1B0C9006CCDF9;
					};
				};
			};
			buildConfigurationList = 1067510E2CE1B0C9006CCDF9 /* Build configuration list for PBXProject "InventoryAppTable" */;
			developmentRegion = en;
			hasScannedForEncodings = 0;
			knownRegions = (
				en,
				Base,
			);
			mainGroup = 1067510A2CE1B0C9006CCDF9;
			minimizedProjectReferenceProxies = 1;
			preferredProjectObjectVersion = 77;
			productRefGroup = 106751142CE1B0C9006CCDF9 /* Products */;
			projectDirPath = "";
			projectRoot = "";
			targets = (
				106751122CE1B0C9006CCDF9 /* InventoryAppTable */,
				106751222CE1B0CB006CCDF9 /* InventoryAppTableTests */,
				1067512C2CE1B0CB006CCDF9 /* InventoryAppTableUITests */,
			);
		};
/* End PBXProject section */

/* Begin PBXResourcesBuildPhase section */
		106751112CE1B0C9006CCDF9 /* Resources */ = {
			isa = PBXResourcesBuildPhase;
			buildActionMask = 2147483647;
			files = (
			);
			runOnlyForDeploymentPostprocessing = 0;
		};
		106751212CE1B0CB006CCDF9 /* Resources */ = {
			isa = PBXResourcesBuildPhase;
			buildActionMask = 2147483647;
			files = (
			);
			runOnlyForDeploymentPostprocessing = 0;
		};
		1067512B2CE1B0CB006CCDF9 /* Resources */ = {
			isa = PBXResourcesBuildPhase;
			buildActionMask = 2147483647;
			files = (
			);
			runOnlyForDeploymentPostprocessing = 0;
		};
/* End PBXResourcesBuildPhase section */

/* Begin PBXSourcesBuildPhase section */
		1067510F2CE1B0C9006CCDF9 /* Sources */ = {
			isa = PBXSourcesBuildPhase;
			buildActionMask = 2147483647;
			files = (
			);
			runOnlyForDeploymentPostprocessing = 0;
		};
		1067511F2CE1B0CB006CCDF9 /* Sources */ = {
			isa = PBXSourcesBuildPhase;
			buildActionMask = 2147483647;
			files = (
			);
			runOnlyForDeploymentPostprocessing = 0;
		};
		106751292CE1B0CB006CCDF9 /* Sources */ = {
			isa = PBXSourcesBuildPhase;
			buildActionMask = 2147483647;
			files = (
			);
			runOnlyForDeploymentPostprocessing = 0;
		};
/* End PBXSourcesBuildPhase section */

/* Begin PBXTargetDependency section */
		106751252CE1B0CB006CCDF9 /* PBXTargetDependency */ = {
			isa = PBXTargetDependency;
			target = 106751122CE1B0C9006CCDF9 /* InventoryAppTable */;
			targetProxy = 106751242CE1B0CB006CCDF9 /* PBXContainerItemProxy */;
		};
		1067512F2CE1B0CB006CCDF9 /* PBXTargetDependency */ = {
			isa = PBXTargetDependency;
			target = 106751122CE1B0C9006CCDF9 /* InventoryAppTable */;
			targetProxy = 1067512E2CE1B0CB006CCDF9 /* PBXContainerItemProxy */;
		};
/* End PBXTargetDependency section */

/* Begin XCBuildConfiguration section */
		106751352CE1B0CB006CCDF9 /* Debug */ = {
			isa = XCBuildConfiguration;
			buildSettings = {
				ALWAYS_SEARCH_USER_PATHS = NO;
				ASSETCATALOG_COMPILER_GENERATE_SWIFT_ASSET_SYMBOL_EXTENSIONS = YES;
				CLANG_ANALYZER_NONNULL = YES;
				CLANG_ANALYZER_NUMBER_OBJECT_CONVERSION = YES_AGGRESSIVE;
				CLANG_CXX_LANGUAGE_STANDARD = "gnu++20";
				CLANG_ENABLE_MODULES = YES;
				CLANG_ENABLE_OBJC_ARC = YES;
				CLANG_ENABLE_OBJC_WEAK = YES;
				CLANG_WARN_BLOCK_CAPTURE_AUTORELEASING = YES;
				CLANG_WARN_BOOL_CONVERSION = YES;
				CLANG_WARN_COMMA = YES;
				CLANG_WARN_CONSTANT_CONVERSION = YES;
				CLANG_WARN_DEPRECATED_OBJC_IMPLEMENTATIONS = YES;
				CLANG_WARN_DIRECT_OBJC_ISA_USAGE = YES_ERROR;
				CLANG_WARN_DOCUMENTATION_COMMENTS = YES;
				CLANG_WARN_EMPTY_BODY = YES;
				CLANG_WARN_ENUM_CONVERSION = YES;
				CLANG_WARN_INFINITE_RECURSION = YES;
				CLANG_WARN_INT_CONVERSION = YES;
				CLANG_WARN_NON_LITERAL_NULL_CONVERSION = YES;
				CLANG_WARN_OBJC_IMPLICIT_RETAIN_SELF = YES;
				CLANG_WARN_OBJC_LITERAL_CONVERSION = YES;
				CLANG_WARN_OBJC_ROOT_CLASS = YES_ERROR;
				CLANG_WARN_QUOTED_INCLUDE_IN_FRAMEWORK_HEADER = YES;
				CLANG_WARN_RANGE_LOOP_ANALYSIS = YES;
				CLANG_WARN_STRICT_PROTOTYPES = YES;
				CLANG_WARN_SUSPICIOUS_MOVE = YES;
				CLANG_WARN_UNGUARDED_AVAILABILITY = YES_AGGRESSIVE;
				CLANG_WARN_UNREACHABLE_CODE = YES;
				CLANG_WARN__DUPLICATE_METHOD_MATCH = YES;
				COPY_PHASE_STRIP = NO;
				DEBUG_INFORMATION_FORMAT = dwarf;
				ENABLE_STRICT_OBJC_MSGSEND = YES;
				ENABLE_TESTABILITY = YES;
				ENABLE_USER_SCRIPT_SANDBOXING = YES;
				GCC_C_LANGUAGE_STANDARD = gnu17;
				GCC_DYNAMIC_NO_PIC = NO;
				GCC_NO_COMMON_BLOCKS = YES;
				GCC_OPTIMIZATION_LEVEL = 0;
				GCC_PREPROCESSOR_DEFINITIONS = (
					"DEBUG=1",
					"$(inherited)",
				);
				GCC_WARN_64_TO_32_BIT_CONVERSION = YES;
				GCC_WARN_ABOUT_RETURN_TYPE = YES_ERROR;
				GCC_WARN_UNDECLARED_SELECTOR = YES;
				GCC_WARN_UNINITIALIZED_AUTOS = YES_AGGRESSIVE;
				GCC_WARN_UNUSED_FUNCTION = YES;
				GCC_WARN_UNUSED_VARIABLE = YES;
				IPHONEOS_DEPLOYMENT_TARGET = 18.1;
				LOCALIZATION_PREFERS_STRING_CATALOGS = YES;
				MTL_ENABLE_DEBUG_INFO = INCLUDE_SOURCE;
				MTL_FAST_MATH = YES;
				ONLY_ACTIVE_ARCH = YES;
				SDKROOT = iphoneos;
				SWIFT_ACTIVE_COMPILATION_CONDITIONS = "DEBUG $(inherited)";
				SWIFT_OPTIMIZATION_LEVEL = "-Onone";
			};
			name = Debug;
		};
		106751362CE1B0CB006CCDF9 /* Release */ = {
			isa = XCBuildConfiguration;
			buildSettings = {
				ALWAYS_SEARCH_USER_PATHS = NO;
				ASSETCATALOG_COMPILER_GENERATE_SWIFT_ASSET_SYMBOL_EXTENSIONS = YES;
				CLANG_ANALYZER_NONNULL = YES;
				CLANG_ANALYZER_NUMBER_OBJECT_CONVERSION = YES_AGGRESSIVE;
				CLANG_CXX_LANGUAGE_STANDARD = "gnu++20";
				CLANG_ENABLE_MODULES = YES;
				CLANG_ENABLE_OBJC_ARC = YES;
				CLANG_ENABLE_OBJC_WEAK = YES;
				CLANG_WARN_BLOCK_CAPTURE_AUTORELEASING = YES;
				CLANG_WARN_BOOL_CONVERSION = YES;
				CLANG_WARN_COMMA = YES;
				CLANG_WARN_CONSTANT_CONVERSION = YES;
				CLANG_WARN_DEPRECATED_OBJC_IMPLEMENTATIONS = YES;
				CLANG_WARN_DIRECT_OBJC_ISA_USAGE = YES_ERROR;
				CLANG_WARN_DOCUMENTATION_COMMENTS = YES;
				CLANG_WARN_EMPTY_BODY = YES;
				CLANG_WARN_ENUM_CONVERSION = YES;
				CLANG_WARN_INFINITE_RECURSION = YES;
				CLANG_WARN_INT_CONVERSION = YES;
				CLANG_WARN_NON_LITERAL_NULL_CONVERSION = YES;
				CLANG_WARN_OBJC_IMPLICIT_RETAIN_SELF = YES;
				CLANG_WARN_OBJC_LITERAL_CONVERSION = YES;
				CLANG_WARN_OBJC_ROOT_CLASS = YES_ERROR;
				CLANG_WARN_QUOTED_INCLUDE_IN_FRAMEWORK_HEADER = YES;
				CLANG_WARN_RANGE_LOOP_ANALYSIS = YES;
				CLANG_WARN_STRICT_PROTOTYPES = YES;
				CLANG_WARN_SUSPICIOUS_MOVE = YES;
				CLANG_WARN_UNGUARDED_AVAILABILITY = YES_AGGRESSIVE;
				CLANG_WARN_UNREACHABLE_CODE = YES;
				CLANG_WARN__DUPLICATE_METHOD_MATCH = YES;
				COPY_PHASE_STRIP = NO;
				DEBUG_INFORMATION_FORMAT = "dwarf-with-dsym";
				ENABLE_NS_ASSERTIONS = NO;
				ENABLE_STRICT_OBJC_MSGSEND = YES;
				ENABLE_USER_SCRIPT_SANDBOXING = YES;
				GCC_C_LANGUAGE_STANDARD = gnu17;
				GCC_NO_COMMON_BLOCKS = YES;
				GCC_WARN_64_TO_32_BIT_CONVERSION = YES;
				GCC_WARN_ABOUT_RETURN_TYPE = YES_ERROR;
				GCC_WARN_UNDECLARED_SELECTOR = YES;
				GCC_WARN_UNINITIALIZED_AUTOS = YES_AGGRESSIVE;
				GCC_WARN_UNUSED_FUNCTION = YES;
				GCC_WARN_UNUSED_VARIABLE = YES;
				IPHONEOS_DEPLOYMENT_TARGET = 18.1;
				LOCALIZATION_PREFERS_STRING_CATALOGS = YES;
				MTL_ENABLE_DEBUG_INFO = NO;
				MTL_FAST_MATH = YES;
				SDKROOT = iphoneos;
				SWIFT_COMPILATION_MODE = wholemodule;
				VALIDATE_PRODUCT = YES;
			};
			name = Release;
		};
		106751382CE1B0CB006CCDF9 /* Debug */ = {
			isa = XCBuildConfiguration;
			buildSettings = {
				ASSETCATALOG_COMPILER_APPICON_NAME = AppIcon;
				ASSETCATALOG_COMPILER_GLOBAL_ACCENT_COLOR_NAME = AccentColor;
				CODE_SIGN_STYLE = Automatic;
				CURRENT_PROJECT_VERSION = 1;
				DEVELOPMENT_ASSET_PATHS = "\"InventoryAppTable/Preview Content\"";
				ENABLE_PREVIEWS = YES;
				GENERATE_INFOPLIST_FILE = YES;
				INFOPLIST_KEY_UIApplicationSceneManifest_Generation = YES;
				INFOPLIST_KEY_UIApplicationSupportsIndirectInputEvents = YES;
				INFOPLIST_KEY_UILaunchScreen_Generation = YES;
				INFOPLIST_KEY_UISupportedInterfaceOrientations_iPad = "UIInterfaceOrientationPortrait UIInterfaceOrientationPortraitUpsideDown UIInterfaceOrientationLandscapeLeft UIInterfaceOrientationLandscapeRight";
				INFOPLIST_KEY_UISupportedInterfaceOrientations_iPhone = "UIInterfaceOrientationPortrait UIInterfaceOrientationLandscapeLeft UIInterfaceOrientationLandscapeRight";
				LD_RUNPATH_SEARCH_PATHS = (
					"$(inherited)",
					"@executable_path/Frameworks",
				);
				MARKETING_VERSION = 1.0;
				PRODUCT_BUNDLE_IDENTIFIER = Mac221.InventoryAppTable;
				PRODUCT_NAME = "$(TARGET_NAME)";
				SWIFT_EMIT_LOC_STRINGS = YES;
				SWIFT_VERSION = 5.0;
				TARGETED_DEVICE_FAMILY = "1,2";
			};
			name = Debug;
		};
		106751392CE1B0CB006CCDF9 /* Release */ = {
			isa = XCBuildConfiguration;
			buildSettings = {
				ASSETCATALOG_COMPILER_APPICON_NAME = AppIcon;
				ASSETCATALOG_COMPILER_GLOBAL_ACCENT_COLOR_NAME = AccentColor;
				CODE_SIGN_STYLE = Automatic;
				CURRENT_PROJECT_VERSION = 1;
				DEVELOPMENT_ASSET_PATHS = "\"InventoryAppTable/Preview Content\"";
				ENABLE_PREVIEWS = YES;
				GENERATE_INFOPLIST_FILE = YES;
				INFOPLIST_KEY_UIApplicationSceneManifest_Generation = YES;
				INFOPLIST_KEY_UIApplicationSupportsIndirectInputEvents = YES;
				INFOPLIST_KEY_UILaunchScreen_Generation = YES;
				INFOPLIST_KEY_UISupportedInterfaceOrientations_iPad = "UIInterfaceOrientationPortrait UIInterfaceOrientationPortraitUpsideDown UIInterfaceOrientationLandscapeLeft UIInterfaceOrientationLandscapeRight";
				INFOPLIST_KEY_UISupportedInterfaceOrientations_iPhone = "UIInterfaceOrientationPortrait UIInterfaceOrientationLandscapeLeft UIInterfaceOrientationLandscapeRight";
				LD_RUNPATH_SEARCH_PATHS = (
					"$(inherited)",
					"@executable_path/Frameworks",
				);
				MARKETING_VERSION = 1.0;
				PRODUCT_BUNDLE_IDENTIFIER = Mac221.InventoryAppTable;
				PRODUCT_NAME = "$(TARGET_NAME)";
				SWIFT_EMIT_LOC_STRINGS = YES;
				SWIFT_VERSION = 5.0;
				TARGETED_DEVICE_FAMILY = "1,2";
			};
			name = Release;
		};
		1067513B2CE1B0CB006CCDF9 /* Debug */ = {
			isa = XCBuildConfiguration;
			buildSettings = {
				BUNDLE_LOADER = "$(TEST_HOST)";
				CODE_SIGN_STYLE = Automatic;
				CURRENT_PROJECT_VERSION = 1;
				GENERATE_INFOPLIST_FILE = YES;
				IPHONEOS_DEPLOYMENT_TARGET = 18.1;
				MARKETING_VERSION = 1.0;
				PRODUCT_BUNDLE_IDENTIFIER = Mac221.InventoryAppTableTests;
				PRODUCT_NAME = "$(TARGET_NAME)";
				SWIFT_EMIT_LOC_STRINGS = NO;
				SWIFT_VERSION = 5.0;
				TARGETED_DEVICE_FAMILY = "1,2";
				TEST_HOST = "$(BUILT_PRODUCTS_DIR)/InventoryAppTable.app/$(BUNDLE_EXECUTABLE_FOLDER_PATH)/InventoryAppTable";
			};
			name = Debug;
		};
		1067513C2CE1B0CB006CCDF9 /* Release */ = {
			isa = XCBuildConfiguration;
			buildSettings = {
				BUNDLE_LOADER = "$(TEST_HOST)";
				CODE_SIGN_STYLE = Automatic;
				CURRENT_PROJECT_VERSION = 1;
				GENERATE_INFOPLIST_FILE = YES;
				IPHONEOS_DEPLOYMENT_TARGET = 18.1;
				MARKETING_VERSION = 1.0;
				PRODUCT_BUNDLE_IDENTIFIER = Mac221.InventoryAppTableTests;
				PRODUCT_NAME = "$(TARGET_NAME)";
				SWIFT_EMIT_LOC_STRINGS = NO;
				SWIFT_VERSION = 5.0;
				TARGETED_DEVICE_FAMILY = "1,2";
				TEST_HOST = "$(BUILT_PRODUCTS_DIR)/InventoryAppTable.app/$(BUNDLE_EXECUTABLE_FOLDER_PATH)/InventoryAppTable";
			};
			name = Release;
		};
		1067513E2CE1B0CB006CCDF9 /* Debug */ = {
			isa = XCBuildConfiguration;
			buildSettings = {
				CODE_SIGN_STYLE = Automatic;
				CURRENT_PROJECT_VERSION = 1;
				GENERATE_INFOPLIST_FILE = YES;
				MARKETING_VERSION = 1.0;
				PRODUCT_BUNDLE_IDENTIFIER = Mac221.InventoryAppTableUITests;
				PRODUCT_NAME = "$(TARGET_NAME)";
				SWIFT_EMIT_LOC_STRINGS = NO;
				SWIFT_VERSION = 5.0;
				TARGETED_DEVICE_FAMILY = "1,2";
				TEST_TARGET_NAME = InventoryAppTable;
			};
			name = Debug;
		};
		1067513F2CE1B0CB006CCDF9 /* Release */ = {
			isa = XCBuildConfiguration;
			buildSettings = {
				CODE_SIGN_STYLE = Automatic;
				CURRENT_PROJECT_VERSION = 1;
				GENERATE_INFOPLIST_FILE = YES;
				MARKETING_VERSION = 1.0;
				PRODUCT_BUNDLE_IDENTIFIER = Mac221.InventoryAppTableUITests;
				PRODUCT_NAME = "$(TARGET_NAME)";
				SWIFT_EMIT_LOC_STRINGS = NO;
				SWIFT_VERSION = 5.0;
				TARGETED_DEVICE_FAMILY = "1,2";
				TEST_TARGET_NAME = InventoryAppTable;
			};
			name = Release;
		};
/* End XCBuildConfiguration section */

/* Begin XCConfigurationList section */
		1067510E2CE1B0C9006CCDF9 /* Build configuration list for PBXProject "InventoryAppTable" */ = {
			isa = XCConfigurationList;
			buildConfigurations = (
				106751352CE1B0CB006CCDF9 /* Debug */,
				106751362CE1B0CB006CCDF9 /* Release */,
			);
			defaultConfigurationIsVisible = 0;
			defaultConfigurationName = Release;
		};
		106751372CE1B0CB006CCDF9 /* Build configuration list for PBXNativeTarget "InventoryAppTable" */ = {
			isa = XCConfigurationList;
			buildConfigurations = (
				106751382CE1B0CB006CCDF9 /* Debug */,
				106751392CE1B0CB006CCDF9 /* Release */,
			);
			defaultConfigurationIsVisible = 0;
			defaultConfigurationName = Release;
		};
		1067513A2CE1B0CB006CCDF9 /* Build configuration list for PBXNativeTarget "InventoryAppTableTests" */ = {
			isa = XCConfigurationList;
			buildConfigurations = (
				1067513B2CE1B0CB006CCDF9 /* Debug */,
				1067513C2CE1B0CB006CCDF9 /* Release */,
			);
			defaultConfigurationIsVisible = 0;
			defaultConfigurationName = Release;
		};
		1067513D2CE1B0CB006CCDF9 /* Build configuration list for PBXNativeTarget "InventoryAppTableUITests" */ = {
			isa = XCConfigurationList;
			buildConfigurations = (
				1067513E2CE1B0CB006CCDF9 /* Debug */,
				1067513F2CE1B0CB006CCDF9 /* Release */,
			);
			defaultConfigurationIsVisible = 0;
			defaultConfigurationName = Release;
		};
/* End XCConfigurationList section */
	};
	rootObject = 1067510B2CE1B0C9006CCDF9 /* Project object */;
}
